Microsoft Visual Studio Solution File, Format Version 12.00
# Visual Studio 15
VisualStudioVersion = 15.0.28307.1525
MinimumVisualStudioVersion = 10.0.40219.1
Project("{FAE04EC0-301F-11D3-BF4B-00C04F79EFBC}") = "SQLCompare", "SQLCompare\SQLCompare.csproj", "{7E52C0D3-1512-4BA7-B7A4-01F215441496}"
EndProject
Project("{2150E333-8FDC-42A3-9474-1A3956D46DE8}") = "Solution_Items", "Solution_Items", "{8EE0737B-45F9-4867-B0F7-3DC72CEDABF9}"
	ProjectSection(SolutionItems) = preProject
		..\.gitignore = ..\.gitignore
		..\LICENSE = ..\LICENSE
		..\README.md = ..\README.md
	EndProjectSection
EndProject
Project("{2150E333-8FDC-42A3-9474-1A3956D46DE8}") = "img", "img", "{8F8B9A8B-DED3-49D9-A454-9CB6BA00ACBF}"
	ProjectSection(SolutionItems) = preProject
		..\img\Bild_20210312_120214_001.png = ..\img\Bild_20210312_120214_001.png
		..\img\Bild_20210528_094813_001.png = ..\img\Bild_20210528_094813_001.png
		..\img\Image_20210608_145541_001.png = ..\img\Image_20210608_145541_001.png
	EndProjectSection
EndProject
Global
	GlobalSection(SolutionConfigurationPlatforms) = preSolution
		Debug|Any CPU = Debug|Any CPU
		Release|Any CPU = Release|Any CPU
	EndGlobalSection
	GlobalSection(ProjectConfigurationPlatforms) = postSolution
		{7E52C0D3-1512-4BA7-B7A4-01F215441496}.Debug|Any CPU.ActiveCfg = Debug|Any CPU
		{7E52C0D3-1512-4BA7-B7A4-01F215441496}.Debug|Any CPU.Build.0 = Debug|Any CPU
		{7E52C0D3-1512-4BA7-B7A4-01F215441496}.Release|Any CPU.ActiveCfg = Release|Any CPU
		{7E52C0D3-1512-4BA7-B7A4-01F215441496}.Release|Any CPU.Build.0 = Release|Any CPU
	EndGlobalSection
	GlobalSection(SolutionProperties) = preSolution
		HideSolutionNode = FALSE
	EndGlobalSection
	GlobalSection(NestedProjects) = preSolution
		{8F8B9A8B-DED3-49D9-A454-9CB6BA00ACBF} = {8EE0737B-45F9-4867-B0F7-3DC72CEDABF9}
	EndGlobalSection
	GlobalSection(ExtensibilityGlobals) = postSolution
		SolutionGuid = {86907E0E-4861-4C0E-B7C7-D0095EDF6626}
	EndGlobalSection
EndGlobal
